// !$*UTF8*$!
{
	archiveVersion = 1;
	classes = {
	};
	objectVersion = 50;
	objects = {

/* Begin PBXBuildFile section */
		540AA91B21D47B0100E01279 /* AppDelegate.m in Sources */ = {isa = PBXBuildFile; fileRef = 540AA91A21D47B0100E01279 /* AppDelegate.m */; };
		540AA91E21D47B0100E01279 /* ViewController.m in Sources */ = {isa = PBXBuildFile; fileRef = 540AA91D21D47B0100E01279 /* ViewController.m */; };
		540AA92021D47B0200E01279 /* Assets.xcassets in Resources */ = {isa = PBXBuildFile; fileRef = 540AA91F21D47B0200E01279 /* Assets.xcassets */; };
		540AA92321D47B0200E01279 /* Main.storyboard in Resources */ = {isa = PBXBuildFile; fileRef = 540AA92121D47B0200E01279 /* Main.storyboard */; };
		540AA92621D47B0200E01279 /* main.m in Sources */ = {isa = PBXBuildFile; fileRef = 540AA92521D47B0200E01279 /* main.m */; };
		5483E34321DF05A200976829 /* ZMCertificateReader.m in Sources */ = {isa = PBXBuildFile; fileRef = 5483E34221DF05A200976829 /* ZMCertificateReader.m */; };
		5483E34621DF05B500976829 /* ZMProvisionReader.m in Sources */ = {isa = PBXBuildFile; fileRef = 5483E34521DF05B500976829 /* ZMProvisionReader.m */; };
		5483E34921DF110B00976829 /* ZMProvisionInfo.m in Sources */ = {isa = PBXBuildFile; fileRef = 5483E34821DF110B00976829 /* ZMProvisionInfo.m */; };
		5483E34C21DF337000976829 /* ZMRenewal.m in Sources */ = {isa = PBXBuildFile; fileRef = 5483E34B21DF337000976829 /* ZMRenewal.m */; };
		5483E34E21DF36F100976829 /* README.md in Resources */ = {isa = PBXBuildFile; fileRef = 5483E34D21DF36F100976829 /* README.md */; };
		5485511021E7302300BE05A3 /* CHCSVParser.m in Sources */ = {isa = PBXBuildFile; fileRef = 5485510E21E7302200BE05A3 /* CHCSVParser.m */; };
		5485511921E73D8300BE05A3 /* icon.png in Resources */ = {isa = PBXBuildFile; fileRef = 5485511821E73D8300BE05A3 /* icon.png */; };
		5485511B21E7436500BE05A3 /* default.png in Resources */ = {isa = PBXBuildFile; fileRef = 5485511A21E7436500BE05A3 /* default.png */; };
		5492904E21F983DF003D433F /* libDHxlsReader.a in Frameworks */ = {isa = PBXBuildFile; fileRef = 5492904D21F983DF003D433F /* libDHxlsReader.a */; };
		5492906F21F985FD003D433F /* xlsxwriter.framework in Frameworks */ = {isa = PBXBuildFile; fileRef = 5492906E21F985FD003D433F /* xlsxwriter.framework */; };
		5492907421F98662003D433F /* XMLDictionary.m in Sources */ = {isa = PBXBuildFile; fileRef = 5492907321F98662003D433F /* XMLDictionary.m */; };
		5492907821F988EC003D433F /* NSObject+ObjectMap.m in Sources */ = {isa = PBXBuildFile; fileRef = 5492907621F988EB003D433F /* NSObject+ObjectMap.m */; };
		5492907E21F98B72003D433F /* SwiftCSVExportOSX.framework in Frameworks */ = {isa = PBXBuildFile; fileRef = 5492907D21F98B72003D433F /* SwiftCSVExportOSX.framework */; };
		5492908521F990F8003D433F /* NSDate+Relative.m in Sources */ = {isa = PBXBuildFile; fileRef = 5492908121F990F8003D433F /* NSDate+Relative.m */; };
		5492908621F990F8003D433F /* DirectoryWatcher.m in Sources */ = {isa = PBXBuildFile; fileRef = 5492908321F990F8003D433F /* DirectoryWatcher.m */; };
		5492908E21F99114003D433F /* ZMXcodeArchive.m in Sources */ = {isa = PBXBuildFile; fileRef = 5492908821F99114003D433F /* ZMXcodeArchive.m */; };
		5492908F21F99114003D433F /* ZMProvisioning.m in Sources */ = {isa = PBXBuildFile; fileRef = 5492908A21F99114003D433F /* ZMProvisioning.m */; };
		5492909021F99114003D433F /* ZMSigningIdentity.m in Sources */ = {isa = PBXBuildFile; fileRef = 5492908B21F99114003D433F /* ZMSigningIdentity.m */; };
		54BCF43021E2FF790055AA3E /* libQuickRSA.a in Frameworks */ = {isa = PBXBuildFile; fileRef = 54BCF42921E2FF790055AA3E /* libQuickRSA.a */; };
		54BCF43721E301EA0055AA3E /* NSObject+YYModel.m in Sources */ = {isa = PBXBuildFile; fileRef = 54BCF43421E301EA0055AA3E /* NSObject+YYModel.m */; };
		54BCF43821E301EA0055AA3E /* YYClassInfo.m in Sources */ = {isa = PBXBuildFile; fileRef = 54BCF43521E301EA0055AA3E /* YYClassInfo.m */; };
		54BCF43B21E3184D0055AA3E /* Foundation+Log.m in Sources */ = {isa = PBXBuildFile; fileRef = 54BCF43A21E3184D0055AA3E /* Foundation+Log.m */; };
		54BCF43E21E318C80055AA3E /* ZMObject.m in Sources */ = {isa = PBXBuildFile; fileRef = 54BCF43D21E318C80055AA3E /* ZMObject.m */; };
		54BCF44121E34A1E0055AA3E /* ZMShellCommander.m in Sources */ = {isa = PBXBuildFile; fileRef = 54BCF44021E34A1E0055AA3E /* ZMShellCommander.m */; };
		54BCF44421E34F820055AA3E /* ZMCertificateInfo.m in Sources */ = {isa = PBXBuildFile; fileRef = 54BCF44321E34F820055AA3E /* ZMCertificateInfo.m */; };
		54BCF44721E35DE80055AA3E /* ZMOperation.m in Sources */ = {isa = PBXBuildFile; fileRef = 54BCF44621E35DE80055AA3E /* ZMOperation.m */; };
		54BCF44A21E35DF90055AA3E /* ZMTaskManager.m in Sources */ = {isa = PBXBuildFile; fileRef = 54BCF44921E35DF90055AA3E /* ZMTaskManager.m */; };
		54BCF44D21E368900055AA3E /* list_xcode_provisioning_profiles.sh in Resources */ = {isa = PBXBuildFile; fileRef = 54BCF44C21E368900055AA3E /* list_xcode_provisioning_profiles.sh */; };
		54E6646D21DF4B5600F1C989 /* ZMBaseViewController.m in Sources */ = {isa = PBXBuildFile; fileRef = 54E6646C21DF4B5600F1C989 /* ZMBaseViewController.m */; };
		54E6647021DF4B7F00F1C989 /* ZMSSLToolsViewController.m in Sources */ = {isa = PBXBuildFile; fileRef = 54E6646F21DF4B7F00F1C989 /* ZMSSLToolsViewController.m */; };
		54E6647421DF4F7500F1C989 /* checkmark.png in Resources */ = {isa = PBXBuildFile; fileRef = 54E6647321DF4F7500F1C989 /* checkmark.png */; };
		54E6647621DF502900F1C989 /* document.png in Resources */ = {isa = PBXBuildFile; fileRef = 54E6647521DF502900F1C989 /* document.png */; };
		54E6F97121EDD0EA00BB22FA /* ZMWindow.m in Sources */ = {isa = PBXBuildFile; fileRef = 54E6F97021EDD0EA00BB22FA /* ZMWindow.m */; };
/* End PBXBuildFile section */

/* Begin PBXFileReference section */
		540AA91621D47B0100E01279 /* ZMPackager.app */ = {isa = PBXFileReference; explicitFileType = wrapper.application; includeInIndex = 0; path = ZMPackager.app; sourceTree = BUILT_PRODUCTS_DIR; };
		540AA91921D47B0100E01279 /* AppDelegate.h */ = {isa = PBXFileReference; lastKnownFileType = sourcecode.c.h; path = AppDelegate.h; sourceTree = "<group>"; };
		540AA91A21D47B0100E01279 /* AppDelegate.m */ = {isa = PBXFileReference; lastKnownFileType = sourcecode.c.objc; path = AppDelegate.m; sourceTree = "<group>"; };
		540AA91C21D47B0100E01279 /* ViewController.h */ = {isa = PBXFileReference; lastKnownFileType = sourcecode.c.h; path = ViewController.h; sourceTree = "<group>"; };
		540AA91D21D47B0100E01279 /* ViewController.m */ = {isa = PBXFileReference; lastKnownFileType = sourcecode.c.objc; path = ViewController.m; sourceTree = "<group>"; };
		540AA91F21D47B0200E01279 /* Assets.xcassets */ = {isa = PBXFileReference; lastKnownFileType = folder.assetcatalog; path = Assets.xcassets; sourceTree = "<group>"; };
		540AA92221D47B0200E01279 /* Base */ = {isa = PBXFileReference; lastKnownFileType = file.storyboard; name = Base; path = Base.lproj/Main.storyboard; sourceTree = "<group>"; };
		540AA92421D47B0200E01279 /* Info.plist */ = {isa = PBXFileReference; lastKnownFileType = text.plist.xml; path = Info.plist; sourceTree = "<group>"; };
		540AA92521D47B0200E01279 /* main.m */ = {isa = PBXFileReference; lastKnownFileType = sourcecode.c.objc; path = main.m; sourceTree = "<group>"; };
		540AA92721D47B0200E01279 /* ZMPackager.entitlements */ = {isa = PBXFileReference; lastKnownFileType = text.plist.entitlements; path = ZMPackager.entitlements; sourceTree = "<group>"; };
		5483E34121DF05A200976829 /* ZMCertificateReader.h */ = {isa = PBXFileReference; lastKnownFileType = sourcecode.c.h; path = ZMCertificateReader.h; sourceTree = "<group>"; };
		5483E34221DF05A200976829 /* ZMCertificateReader.m */ = {isa = PBXFileReference; lastKnownFileType = sourcecode.c.objc; path = ZMCertificateReader.m; sourceTree = "<group>"; };
		5483E34421DF05B500976829 /* ZMProvisionReader.h */ = {isa = PBXFileReference; lastKnownFileType = sourcecode.c.h; path = ZMProvisionReader.h; sourceTree = "<group>"; };
		5483E34521DF05B500976829 /* ZMProvisionReader.m */ = {isa = PBXFileReference; lastKnownFileType = sourcecode.c.objc; path = ZMProvisionReader.m; sourceTree = "<group>"; };
		5483E34721DF110B00976829 /* ZMProvisionInfo.h */ = {isa = PBXFileReference; lastKnownFileType = sourcecode.c.h; path = ZMProvisionInfo.h; sourceTree = "<group>"; };
		5483E34821DF110B00976829 /* ZMProvisionInfo.m */ = {isa = PBXFileReference; lastKnownFileType = sourcecode.c.objc; path = ZMProvisionInfo.m; sourceTree = "<group>"; };
		5483E34A21DF337000976829 /* ZMRenewal.h */ = {isa = PBXFileReference; lastKnownFileType = sourcecode.c.h; path = ZMRenewal.h; sourceTree = "<group>"; };
		5483E34B21DF337000976829 /* ZMRenewal.m */ = {isa = PBXFileReference; lastKnownFileType = sourcecode.c.objc; path = ZMRenewal.m; sourceTree = "<group>"; };
		5483E34D21DF36F100976829 /* README.md */ = {isa = PBXFileReference; fileEncoding = 4; lastKnownFileType = net.daringfireball.markdown; path = README.md; sourceTree = "<group>"; };
		5485510D21E7302200BE05A3 /* CHCSVParser.h */ = {isa = PBXFileReference; fileEncoding = 4; lastKnownFileType = sourcecode.c.h; path = CHCSVParser.h; sourceTree = "<group>"; };
		5485510E21E7302200BE05A3 /* CHCSVParser.m */ = {isa = PBXFileReference; fileEncoding = 4; lastKnownFileType = sourcecode.c.objc; path = CHCSVParser.m; sourceTree = "<group>"; };
		5485511821E73D8300BE05A3 /* icon.png */ = {isa = PBXFileReference; lastKnownFileType = image.png; path = icon.png; sourceTree = "<group>"; };
		5485511A21E7436500BE05A3 /* default.png */ = {isa = PBXFileReference; lastKnownFileType = image.png; path = default.png; sourceTree = "<group>"; };
		5492904B21F983DF003D433F /* DHcell.h */ = {isa = PBXFileReference; fileEncoding = 4; lastKnownFileType = sourcecode.c.h; path = DHcell.h; sourceTree = "<group>"; };
		5492904C21F983DF003D433F /* DHxlsReader.h */ = {isa = PBXFileReference; fileEncoding = 4; lastKnownFileType = sourcecode.c.h; path = DHxlsReader.h; sourceTree = "<group>"; };
		5492904D21F983DF003D433F /* libDHxlsReader.a */ = {isa = PBXFileReference; lastKnownFileType = archive.ar; path = libDHxlsReader.a; sourceTree = "<group>"; };
		5492906E21F985FD003D433F /* xlsxwriter.framework */ = {isa = PBXFileReference; lastKnownFileType = wrapper.framework; path = xlsxwriter.framework; sourceTree = "<group>"; };
		5492907221F98662003D433F /* XMLDictionary.h */ = {isa = PBXFileReference; fileEncoding = 4; lastKnownFileType = sourcecode.c.h; path = XMLDictionary.h; sourceTree = "<group>"; };
		5492907321F98662003D433F /* XMLDictionary.m */ = {isa = PBXFileReference; fileEncoding = 4; lastKnownFileType = sourcecode.c.objc; path = XMLDictionary.m; sourceTree = "<group>"; };
		5492907621F988EB003D433F /* NSObject+ObjectMap.m */ = {isa = PBXFileReference; fileEncoding = 4; lastKnownFileType = sourcecode.c.objc; path = "NSObject+ObjectMap.m"; sourceTree = "<group>"; };
		5492907721F988EB003D433F /* NSObject+ObjectMap.h */ = {isa = PBXFileReference; fileEncoding = 4; lastKnownFileType = sourcecode.c.h; path = "NSObject+ObjectMap.h"; sourceTree = "<group>"; };
		5492907D21F98B72003D433F /* SwiftCSVExportOSX.framework */ = {isa = PBXFileReference; lastKnownFileType = wrapper.framework; path = SwiftCSVExportOSX.framework; sourceTree = "<group>"; };
		5492908121F990F8003D433F /* NSDate+Relative.m */ = {isa = PBXFileReference; fileEncoding = 4; lastKnownFileType = sourcecode.c.objc; path = "NSDate+Relative.m"; sourceTree = "<group>"; };
		5492908221F990F8003D433F /* DirectoryWatcher.h */ = {isa = PBXFileReference; fileEncoding = 4; lastKnownFileType = sourcecode.c.h; path = DirectoryWatcher.h; sourceTree = "<group>"; };
		5492908321F990F8003D433F /* DirectoryWatcher.m */ = {isa = PBXFileReference; fileEncoding = 4; lastKnownFileType = sourcecode.c.objc; path = DirectoryWatcher.m; sourceTree = "<group>"; };
		5492908421F990F8003D433F /* NSDate+Relative.h */ = {isa = PBXFileReference; fileEncoding = 4; lastKnownFileType = sourcecode.c.h; path = "NSDate+Relative.h"; sourceTree = "<group>"; };
		5492908821F99114003D433F /* ZMXcodeArchive.m */ = {isa = PBXFileReference; fileEncoding = 4; lastKnownFileType = sourcecode.c.objc; path = ZMXcodeArchive.m; sourceTree = "<group>"; };
		5492908921F99114003D433F /* ZMProvisioning.h */ = {isa = PBXFileReference; fileEncoding = 4; lastKnownFileType = sourcecode.c.h; path = ZMProvisioning.h; sourceTree = "<group>"; };
		5492908A21F99114003D433F /* ZMProvisioning.m */ = {isa = PBXFileReference; fileEncoding = 4; lastKnownFileType = sourcecode.c.objc; path = ZMProvisioning.m; sourceTree = "<group>"; };
		5492908B21F99114003D433F /* ZMSigningIdentity.m */ = {isa = PBXFileReference; fileEncoding = 4; lastKnownFileType = sourcecode.c.objc; path = ZMSigningIdentity.m; sourceTree = "<group>"; };
		5492908C21F99114003D433F /* ZMXcodeArchive.h */ = {isa = PBXFileReference; fileEncoding = 4; lastKnownFileType = sourcecode.c.h; path = ZMXcodeArchive.h; sourceTree = "<group>"; };
		5492908D21F99114003D433F /* ZMSigningIdentity.h */ = {isa = PBXFileReference; fileEncoding = 4; lastKnownFileType = sourcecode.c.h; path = ZMSigningIdentity.h; sourceTree = "<group>"; };
		5492909221F99820003D433F /* Public.h */ = {isa = PBXFileReference; lastKnownFileType = sourcecode.c.h; path = Public.h; sourceTree = "<group>"; };
		54BCF42921E2FF790055AA3E /* libQuickRSA.a */ = {isa = PBXFileReference; lastKnownFileType = archive.ar; path = libQuickRSA.a; sourceTree = "<group>"; };
		54BCF42C21E2FF790055AA3E /* QRFormatConvert.h */ = {isa = PBXFileReference; fileEncoding = 4; lastKnownFileType = sourcecode.c.h; path = QRFormatConvert.h; sourceTree = "<group>"; };
		54BCF42D21E2FF790055AA3E /* QRSecCrypto.h */ = {isa = PBXFileReference; fileEncoding = 4; lastKnownFileType = sourcecode.c.h; path = QRSecCrypto.h; sourceTree = "<group>"; };
		54BCF42E21E2FF790055AA3E /* NSData+OpenSSL.h */ = {isa = PBXFileReference; fileEncoding = 4; lastKnownFileType = sourcecode.c.h; path = "NSData+OpenSSL.h"; sourceTree = "<group>"; };
		54BCF42F21E2FF790055AA3E /* QuickRSA.h */ = {isa = PBXFileReference; fileEncoding = 4; lastKnownFileType = sourcecode.c.h; path = QuickRSA.h; sourceTree = "<group>"; };
		54BCF43221E301EA0055AA3E /* YYClassInfo.h */ = {isa = PBXFileReference; fileEncoding = 4; lastKnownFileType = sourcecode.c.h; path = YYClassInfo.h; sourceTree = "<group>"; };
		54BCF43321E301EA0055AA3E /* YYModel.h */ = {isa = PBXFileReference; fileEncoding = 4; lastKnownFileType = sourcecode.c.h; path = YYModel.h; sourceTree = "<group>"; };
		54BCF43421E301EA0055AA3E /* NSObject+YYModel.m */ = {isa = PBXFileReference; fileEncoding = 4; lastKnownFileType = sourcecode.c.objc; path = "NSObject+YYModel.m"; sourceTree = "<group>"; };
		54BCF43521E301EA0055AA3E /* YYClassInfo.m */ = {isa = PBXFileReference; fileEncoding = 4; lastKnownFileType = sourcecode.c.objc; path = YYClassInfo.m; sourceTree = "<group>"; };
		54BCF43621E301EA0055AA3E /* NSObject+YYModel.h */ = {isa = PBXFileReference; fileEncoding = 4; lastKnownFileType = sourcecode.c.h; path = "NSObject+YYModel.h"; sourceTree = "<group>"; };
		54BCF43A21E3184D0055AA3E /* Foundation+Log.m */ = {isa = PBXFileReference; lastKnownFileType = sourcecode.c.objc; path = "Foundation+Log.m"; sourceTree = "<group>"; };
		54BCF43C21E318C80055AA3E /* ZMObject.h */ = {isa = PBXFileReference; lastKnownFileType = sourcecode.c.h; path = ZMObject.h; sourceTree = "<group>"; };
		54BCF43D21E318C80055AA3E /* ZMObject.m */ = {isa = PBXFileReference; lastKnownFileType = sourcecode.c.objc; path = ZMObject.m; sourceTree = "<group>"; };
		54BCF43F21E34A1E0055AA3E /* ZMShellCommander.h */ = {isa = PBXFileReference; lastKnownFileType = sourcecode.c.h; path = ZMShellCommander.h; sourceTree = "<group>"; };
		54BCF44021E34A1E0055AA3E /* ZMShellCommander.m */ = {isa = PBXFileReference; lastKnownFileType = sourcecode.c.objc; path = ZMShellCommander.m; sourceTree = "<group>"; };
		54BCF44221E34F820055AA3E /* ZMCertificateInfo.h */ = {isa = PBXFileReference; lastKnownFileType = sourcecode.c.h; path = ZMCertificateInfo.h; sourceTree = "<group>"; };
		54BCF44321E34F820055AA3E /* ZMCertificateInfo.m */ = {isa = PBXFileReference; lastKnownFileType = sourcecode.c.objc; path = ZMCertificateInfo.m; sourceTree = "<group>"; };
		54BCF44521E35DE80055AA3E /* ZMOperation.h */ = {isa = PBXFileReference; lastKnownFileType = sourcecode.c.h; path = ZMOperation.h; sourceTree = "<group>"; };
		54BCF44621E35DE80055AA3E /* ZMOperation.m */ = {isa = PBXFileReference; lastKnownFileType = sourcecode.c.objc; path = ZMOperation.m; sourceTree = "<group>"; };
		54BCF44821E35DF90055AA3E /* ZMTaskManager.h */ = {isa = PBXFileReference; lastKnownFileType = sourcecode.c.h; path = ZMTaskManager.h; sourceTree = "<group>"; };
		54BCF44921E35DF90055AA3E /* ZMTaskManager.m */ = {isa = PBXFileReference; lastKnownFileType = sourcecode.c.objc; path = ZMTaskManager.m; sourceTree = "<group>"; };
		54BCF44C21E368900055AA3E /* list_xcode_provisioning_profiles.sh */ = {isa = PBXFileReference; lastKnownFileType = text.script.sh; path = list_xcode_provisioning_profiles.sh; sourceTree = "<group>"; };
		54E6646A21DF495400F1C989 /* ZMShellCmd.h */ = {isa = PBXFileReference; lastKnownFileType = sourcecode.c.h; path = ZMShellCmd.h; sourceTree = "<group>"; };
		54E6646B21DF4B5600F1C989 /* ZMBaseViewController.h */ = {isa = PBXFileReference; lastKnownFileType = sourcecode.c.h; path = ZMBaseViewController.h; sourceTree = "<group>"; };
		54E6646C21DF4B5600F1C989 /* ZMBaseViewController.m */ = {isa = PBXFileReference; lastKnownFileType = sourcecode.c.objc; path = ZMBaseViewController.m; sourceTree = "<group>"; };
		54E6646E21DF4B7F00F1C989 /* ZMSSLToolsViewController.h */ = {isa = PBXFileReference; lastKnownFileType = sourcecode.c.h; path = ZMSSLToolsViewController.h; sourceTree = "<group>"; };
		54E6646F21DF4B7F00F1C989 /* ZMSSLToolsViewController.m */ = {isa = PBXFileReference; lastKnownFileType = sourcecode.c.objc; path = ZMSSLToolsViewController.m; sourceTree = "<group>"; };
		54E6647321DF4F7500F1C989 /* checkmark.png */ = {isa = PBXFileReference; lastKnownFileType = image.png; path = checkmark.png; sourceTree = "<group>"; };
		54E6647521DF502900F1C989 /* document.png */ = {isa = PBXFileReference; lastKnownFileType = image.png; path = document.png; sourceTree = "<group>"; };
		54E6F96F21EDD0EA00BB22FA /* ZMWindow.h */ = {isa = PBXFileReference; lastKnownFileType = sourcecode.c.h; path = ZMWindow.h; sourceTree = "<group>"; };
		54E6F97021EDD0EA00BB22FA /* ZMWindow.m */ = {isa = PBXFileReference; lastKnownFileType = sourcecode.c.objc; path = ZMWindow.m; sourceTree = "<group>"; };
/* End PBXFileReference section */

/* Begin PBXFrameworksBuildPhase section */
		540AA91321D47B0100E01279 /* Frameworks */ = {
			isa = PBXFrameworksBuildPhase;
			buildActionMask = 2147483647;
			files = (
				5492907E21F98B72003D433F /* SwiftCSVExportOSX.framework in Frameworks */,
				5492904E21F983DF003D433F /* libDHxlsReader.a in Frameworks */,
				54BCF43021E2FF790055AA3E /* libQuickRSA.a in Frameworks */,
				5492906F21F985FD003D433F /* xlsxwriter.framework in Frameworks */,
			);
			runOnlyForDeploymentPostprocessing = 0;
		};
/* End PBXFrameworksBuildPhase section */

/* Begin PBXGroup section */
		540AA90D21D47B0100E01279 = {
			isa = PBXGroup;
			children = (
				540AA91821D47B0100E01279 /* ZMPackager */,
				540AA91721D47B0100E01279 /* Products */,
			);
			sourceTree = "<group>";
		};
		540AA91721D47B0100E01279 /* Products */ = {
			isa = PBXGroup;
			children = (
				540AA91621D47B0100E01279 /* ZMPackager.app */,
			);
			name = Products;
			sourceTree = "<group>";
		};
		540AA91821D47B0100E01279 /* ZMPackager */ = {
			isa = PBXGroup;
			children = (
				5492909121F99814003D433F /* Common */,
				54EE28C021EC2E6A00C1626D /* Vendors */,
				54EE28BF21EC2E5D00C1626D /* Modules */,
				54E6647221DF4F5B00F1C989 /* Images */,
				540AA91921D47B0100E01279 /* AppDelegate.h */,
				540AA91A21D47B0100E01279 /* AppDelegate.m */,
				54E6646B21DF4B5600F1C989 /* ZMBaseViewController.h */,
				54E6646C21DF4B5600F1C989 /* ZMBaseViewController.m */,
				540AA91C21D47B0100E01279 /* ViewController.h */,
				540AA91D21D47B0100E01279 /* ViewController.m */,
				5483E34A21DF337000976829 /* ZMRenewal.h */,
				5483E34B21DF337000976829 /* ZMRenewal.m */,
				54E6646A21DF495400F1C989 /* ZMShellCmd.h */,
				54E6646E21DF4B7F00F1C989 /* ZMSSLToolsViewController.h */,
				54E6646F21DF4B7F00F1C989 /* ZMSSLToolsViewController.m */,
				54BCF43A21E3184D0055AA3E /* Foundation+Log.m */,
				54BCF43C21E318C80055AA3E /* ZMObject.h */,
				54BCF43D21E318C80055AA3E /* ZMObject.m */,
				540AA91F21D47B0200E01279 /* Assets.xcassets */,
				540AA92121D47B0200E01279 /* Main.storyboard */,
				540AA92421D47B0200E01279 /* Info.plist */,
				540AA92521D47B0200E01279 /* main.m */,
				540AA92721D47B0200E01279 /* ZMPackager.entitlements */,
				5483E34D21DF36F100976829 /* README.md */,
			);
			path = ZMPackager;
			sourceTree = "<group>";
		};
		5485510B21E7302200BE05A3 /* CHCSVParser */ = {
			isa = PBXGroup;
			children = (
				5485510D21E7302200BE05A3 /* CHCSVParser.h */,
				5485510E21E7302200BE05A3 /* CHCSVParser.m */,
			);
			path = CHCSVParser;
			sourceTree = "<group>";
		};
		5485511121E7310C00BE05A3 /* Shell */ = {
			isa = PBXGroup;
			children = (
				54BCF44C21E368900055AA3E /* list_xcode_provisioning_profiles.sh */,
			);
			path = Shell;
			sourceTree = "<group>";
		};
		5492904721F9832A003D433F /* Excel */ = {
			isa = PBXGroup;
			children = (
				5492906D21F985F4003D433F /* xlsxwriter */,
				5492904F21F983E6003D433F /* DHxlsReader */,
			);
			path = Excel;
			sourceTree = "<group>";
		};
		5492904F21F983E6003D433F /* DHxlsReader */ = {
			isa = PBXGroup;
			children = (
				5492905021F983F1003D433F /* include */,
				5492904D21F983DF003D433F /* libDHxlsReader.a */,
			);
			path = DHxlsReader;
			sourceTree = "<group>";
		};
		5492905021F983F1003D433F /* include */ = {
			isa = PBXGroup;
			children = (
				5492904B21F983DF003D433F /* DHcell.h */,
				5492904C21F983DF003D433F /* DHxlsReader.h */,
			);
			path = include;
			sourceTree = "<group>";
		};
		5492906D21F985F4003D433F /* xlsxwriter */ = {
			isa = PBXGroup;
			children = (
				5492906E21F985FD003D433F /* xlsxwriter.framework */,
			);
			path = xlsxwriter;
			sourceTree = "<group>";
		};
		5492907021F98645003D433F /* XML */ = {
			isa = PBXGroup;
			children = (
				5492907121F98662003D433F /* XMLDictionary */,
			);
			path = XML;
			sourceTree = "<group>";
		};
		5492907121F98662003D433F /* XMLDictionary */ = {
			isa = PBXGroup;
			children = (
				5492907221F98662003D433F /* XMLDictionary.h */,
				5492907321F98662003D433F /* XMLDictionary.m */,
			);
			path = XMLDictionary;
			sourceTree = "<group>";
		};
		5492907521F988EB003D433F /* NSObject-ObjectMap */ = {
			isa = PBXGroup;
			children = (
				5492907621F988EB003D433F /* NSObject+ObjectMap.m */,
				5492907721F988EB003D433F /* NSObject+ObjectMap.h */,
			);
			path = "NSObject-ObjectMap";
			sourceTree = "<group>";
		};
		5492907C21F98B60003D433F /* CSV */ = {
			isa = PBXGroup;
			children = (
				5492907D21F98B72003D433F /* SwiftCSVExportOSX.framework */,
			);
			path = CSV;
			sourceTree = "<group>";
		};
		5492907F21F990D5003D433F /* IPA */ = {
			isa = PBXGroup;
			children = (
				5492908721F990FE003D433F /* Model */,
				5492908021F990ED003D433F /* Public */,
			);
			path = IPA;
			sourceTree = "<group>";
		};
		5492908021F990ED003D433F /* Public */ = {
			isa = PBXGroup;
			children = (
				5492908221F990F8003D433F /* DirectoryWatcher.h */,
				5492908321F990F8003D433F /* DirectoryWatcher.m */,
				5492908421F990F8003D433F /* NSDate+Relative.h */,
				5492908121F990F8003D433F /* NSDate+Relative.m */,
			);
			path = Public;
			sourceTree = "<group>";
		};
		5492908721F990FE003D433F /* Model */ = {
			isa = PBXGroup;
			children = (
				5492908921F99114003D433F /* ZMProvisioning.h */,
				5492908A21F99114003D433F /* ZMProvisioning.m */,
				5492908D21F99114003D433F /* ZMSigningIdentity.h */,
				5492908B21F99114003D433F /* ZMSigningIdentity.m */,
				5492908C21F99114003D433F /* ZMXcodeArchive.h */,
				5492908821F99114003D433F /* ZMXcodeArchive.m */,
			);
			path = Model;
			sourceTree = "<group>";
		};
		5492909121F99814003D433F /* Common */ = {
			isa = PBXGroup;
			children = (
				5492909221F99820003D433F /* Public.h */,
			);
			path = Common;
			sourceTree = "<group>";
		};
		54BCF42821E2FF500055AA3E /* QuickRSA */ = {
			isa = PBXGroup;
			children = (
				54BCF42A21E2FF790055AA3E /* include */,
				54BCF42921E2FF790055AA3E /* libQuickRSA.a */,
			);
			path = QuickRSA;
			sourceTree = "<group>";
		};
		54BCF42A21E2FF790055AA3E /* include */ = {
			isa = PBXGroup;
			children = (
				54BCF42B21E2FF790055AA3E /* QuickRSA */,
			);
			path = include;
			sourceTree = "<group>";
		};
		54BCF42B21E2FF790055AA3E /* QuickRSA */ = {
			isa = PBXGroup;
			children = (
				54BCF42C21E2FF790055AA3E /* QRFormatConvert.h */,
				54BCF42D21E2FF790055AA3E /* QRSecCrypto.h */,
				54BCF42E21E2FF790055AA3E /* NSData+OpenSSL.h */,
				54BCF42F21E2FF790055AA3E /* QuickRSA.h */,
			);
			path = QuickRSA;
			sourceTree = "<group>";
		};
		54BCF43121E301EA0055AA3E /* YYModel */ = {
			isa = PBXGroup;
			children = (
				54BCF43221E301EA0055AA3E /* YYClassInfo.h */,
				54BCF43321E301EA0055AA3E /* YYModel.h */,
				54BCF43421E301EA0055AA3E /* NSObject+YYModel.m */,
				54BCF43521E301EA0055AA3E /* YYClassInfo.m */,
				54BCF43621E301EA0055AA3E /* NSObject+YYModel.h */,
			);
			path = YYModel;
			sourceTree = "<group>";
		};
		54BCF44B21E35EB30055AA3E /* ZMShellTask */ = {
			isa = PBXGroup;
			children = (
				54BCF43F21E34A1E0055AA3E /* ZMShellCommander.h */,
				54BCF44021E34A1E0055AA3E /* ZMShellCommander.m */,
				54BCF44821E35DF90055AA3E /* ZMTaskManager.h */,
				54BCF44921E35DF90055AA3E /* ZMTaskManager.m */,
				54BCF44521E35DE80055AA3E /* ZMOperation.h */,
				54BCF44621E35DE80055AA3E /* ZMOperation.m */,
			);
			path = ZMShellTask;
			sourceTree = "<group>";
		};
		54E6647221DF4F5B00F1C989 /* Images */ = {
			isa = PBXGroup;
			children = (
				5485511A21E7436500BE05A3 /* default.png */,
				5485511821E73D8300BE05A3 /* icon.png */,
				54E6647521DF502900F1C989 /* document.png */,
				54E6647321DF4F7500F1C989 /* checkmark.png */,
			);
			path = Images;
			sourceTree = "<group>";
		};
		54EE28BB21EC2DEA00C1626D /* CertificateAndProfile */ = {
			isa = PBXGroup;
			children = (
				54EE28BE21EC2E1B00C1626D /* Controller */,
				54EE28BD21EC2E1400C1626D /* View */,
				54EE28BC21EC2E0900C1626D /* Model */,
			);
			path = CertificateAndProfile;
			sourceTree = "<group>";
		};
		54EE28BC21EC2E0900C1626D /* Model */ = {
			isa = PBXGroup;
			children = (
				5483E34121DF05A200976829 /* ZMCertificateReader.h */,
				5483E34221DF05A200976829 /* ZMCertificateReader.m */,
				5483E34421DF05B500976829 /* ZMProvisionReader.h */,
				5483E34521DF05B500976829 /* ZMProvisionReader.m */,
				54BCF44221E34F820055AA3E /* ZMCertificateInfo.h */,
				54BCF44321E34F820055AA3E /* ZMCertificateInfo.m */,
				5483E34721DF110B00976829 /* ZMProvisionInfo.h */,
				5483E34821DF110B00976829 /* ZMProvisionInfo.m */,
			);
			path = Model;
			sourceTree = "<group>";
		};
		54EE28BD21EC2E1400C1626D /* View */ = {
			isa = PBXGroup;
			children = (
			);
			path = View;
			sourceTree = "<group>";
		};
		54EE28BE21EC2E1B00C1626D /* Controller */ = {
			isa = PBXGroup;
			children = (
			);
			path = Controller;
			sourceTree = "<group>";
		};
		54EE28BF21EC2E5D00C1626D /* Modules */ = {
			isa = PBXGroup;
			children = (
				54EE28C121EC402100C1626D /* CustomUI */,
				54EE28BB21EC2DEA00C1626D /* CertificateAndProfile */,
			);
			path = Modules;
			sourceTree = "<group>";
		};
		54EE28C021EC2E6A00C1626D /* Vendors */ = {
			isa = PBXGroup;
			children = (
				5492907F21F990D5003D433F /* IPA */,
				5492907C21F98B60003D433F /* CSV */,
				5492907521F988EB003D433F /* NSObject-ObjectMap */,
				5492907021F98645003D433F /* XML */,
				5492904721F9832A003D433F /* Excel */,
				5485511121E7310C00BE05A3 /* Shell */,
				5485510B21E7302200BE05A3 /* CHCSVParser */,
				54BCF44B21E35EB30055AA3E /* ZMShellTask */,
				54BCF43121E301EA0055AA3E /* YYModel */,
				54BCF42821E2FF500055AA3E /* QuickRSA */,
			);
			path = Vendors;
			sourceTree = "<group>";
		};
		54EE28C121EC402100C1626D /* CustomUI */ = {
			isa = PBXGroup;
			children = (
				54E6F96F21EDD0EA00BB22FA /* ZMWindow.h */,
				54E6F97021EDD0EA00BB22FA /* ZMWindow.m */,
			);
			path = CustomUI;
			sourceTree = "<group>";
		};
/* End PBXGroup section */

/* Begin PBXNativeTarget section */
		540AA91521D47B0100E01279 /* ZMPackager */ = {
			isa = PBXNativeTarget;
			buildConfigurationList = 540AA92A21D47B0200E01279 /* Build configuration list for PBXNativeTarget "ZMPackager" */;
			buildPhases = (
				540AA91221D47B0100E01279 /* Sources */,
				540AA91321D47B0100E01279 /* Frameworks */,
				540AA91421D47B0100E01279 /* Resources */,
			);
			buildRules = (
			);
			dependencies = (
			);
			name = ZMPackager;
			productName = ZMPackager;
			productReference = 540AA91621D47B0100E01279 /* ZMPackager.app */;
			productType = "com.apple.product-type.application";
		};
/* End PBXNativeTarget section */

/* Begin PBXProject section */
		540AA90E21D47B0100E01279 /* Project object */ = {
			isa = PBXProject;
			attributes = {
				LastUpgradeCheck = 1010;
				ORGANIZATIONNAME = "Yuri Boyka";
				TargetAttributes = {
					540AA91521D47B0100E01279 = {
						CreatedOnToolsVersion = 10.1;
						SystemCapabilities = {
							com.apple.Sandbox = {
								enabled = 0;
							};
						};
					};
				};
			};
			buildConfigurationList = 540AA91121D47B0100E01279 /* Build configuration list for PBXProject "ZMPackager" */;
			compatibilityVersion = "Xcode 9.3";
			developmentRegion = en;
			hasScannedForEncodings = 0;
			knownRegions = (
				en,
				Base,
			);
			mainGroup = 540AA90D21D47B0100E01279;
			productRefGroup = 540AA91721D47B0100E01279 /* Products */;
			projectDirPath = "";
			projectRoot = "";
			targets = (
				540AA91521D47B0100E01279 /* ZMPackager */,
			);
		};
/* End PBXProject section */

/* Begin PBXResourcesBuildPhase section */
		540AA91421D47B0100E01279 /* Resources */ = {
			isa = PBXResourcesBuildPhase;
			buildActionMask = 2147483647;
			files = (
				54E6647621DF502900F1C989 /* document.png in Resources */,
				54BCF44D21E368900055AA3E /* list_xcode_provisioning_profiles.sh in Resources */,
				5485511B21E7436500BE05A3 /* default.png in Resources */,
				54E6647421DF4F7500F1C989 /* checkmark.png in Resources */,
				5483E34E21DF36F100976829 /* README.md in Resources */,
				5485511921E73D8300BE05A3 /* icon.png in Resources */,
				540AA92021D47B0200E01279 /* Assets.xcassets in Resources */,
				540AA92321D47B0200E01279 /* Main.storyboard in Resources */,
			);
			runOnlyForDeploymentPostprocessing = 0;
		};
/* End PBXResourcesBuildPhase section */

/* Begin PBXSourcesBuildPhase section */
		540AA91221D47B0100E01279 /* Sources */ = {
			isa = PBXSourcesBuildPhase;
			buildActionMask = 2147483647;
			files = (
				5492908F21F99114003D433F /* ZMProvisioning.m in Sources */,
				5483E34921DF110B00976829 /* ZMProvisionInfo.m in Sources */,
				54BCF43821E301EA0055AA3E /* YYClassInfo.m in Sources */,
				54BCF43721E301EA0055AA3E /* NSObject+YYModel.m in Sources */,
				54BCF44421E34F820055AA3E /* ZMCertificateInfo.m in Sources */,
				5485511021E7302300BE05A3 /* CHCSVParser.m in Sources */,
				5492907421F98662003D433F /* XMLDictionary.m in Sources */,
				5492908621F990F8003D433F /* DirectoryWatcher.m in Sources */,
				5483E34321DF05A200976829 /* ZMCertificateReader.m in Sources */,
				54E6646D21DF4B5600F1C989 /* ZMBaseViewController.m in Sources */,
				5492907821F988EC003D433F /* NSObject+ObjectMap.m in Sources */,
				540AA91E21D47B0100E01279 /* ViewController.m in Sources */,
				540AA92621D47B0200E01279 /* main.m in Sources */,
				54E6F97121EDD0EA00BB22FA /* ZMWindow.m in Sources */,
				54E6647021DF4B7F00F1C989 /* ZMSSLToolsViewController.m in Sources */,
				5492909021F99114003D433F /* ZMSigningIdentity.m in Sources */,
				5492908E21F99114003D433F /* ZMXcodeArchive.m in Sources */,
				54BCF44A21E35DF90055AA3E /* ZMTaskManager.m in Sources */,
				5483E34621DF05B500976829 /* ZMProvisionReader.m in Sources */,
				54BCF44721E35DE80055AA3E /* ZMOperation.m in Sources */,
				5492908521F990F8003D433F /* NSDate+Relative.m in Sources */,
				54BCF43E21E318C80055AA3E /* ZMObject.m in Sources */,
				5483E34C21DF337000976829 /* ZMRenewal.m in Sources */,
				540AA91B21D47B0100E01279 /* AppDelegate.m in Sources */,
				54BCF43B21E3184D0055AA3E /* Foundation+Log.m in Sources */,
				54BCF44121E34A1E0055AA3E /* ZMShellCommander.m in Sources */,
			);
			runOnlyForDeploymentPostprocessing = 0;
		};
/* End PBXSourcesBuildPhase section */

/* Begin PBXVariantGroup section */
		540AA92121D47B0200E01279 /* Main.storyboard */ = {
			isa = PBXVariantGroup;
			children = (
				540AA92221D47B0200E01279 /* Base */,
			);
			name = Main.storyboard;
			sourceTree = "<group>";
		};
/* End PBXVariantGroup section */

/* Begin XCBuildConfiguration section */
		540AA92821D47B0200E01279 /* Debug */ = {
			isa = XCBuildConfiguration;
			buildSettings = {
				ALWAYS_SEARCH_USER_PATHS = NO;
				CLANG_ANALYZER_NONNULL = YES;
				CLANG_ANALYZER_NUMBER_OBJECT_CONVERSION = YES_AGGRESSIVE;
				CLANG_CXX_LANGUAGE_STANDARD = "gnu++14";
				CLANG_CXX_LIBRARY = "libc++";
				CLANG_ENABLE_MODULES = YES;
				CLANG_ENABLE_OBJC_ARC = YES;
				CLANG_ENABLE_OBJC_WEAK = YES;
				CLANG_WARN_BLOCK_CAPTURE_AUTORELEASING = YES;
				CLANG_WARN_BOOL_CONVERSION = YES;
				CLANG_WARN_COMMA = YES;
				CLANG_WARN_CONSTANT_CONVERSION = YES;
				CLANG_WARN_DEPRECATED_OBJC_IMPLEMENTATIONS = YES;
				CLANG_WARN_DIRECT_OBJC_ISA_USAGE = YES_ERROR;
				CLANG_WARN_DOCUMENTATION_COMMENTS = YES;
				CLANG_WARN_EMPTY_BODY = YES;
				CLANG_WARN_ENUM_CONVERSION = YES;
				CLANG_WARN_INFINITE_RECURSION = YES;
				CLANG_WARN_INT_CONVERSION = YES;
				CLANG_WARN_NON_LITERAL_NULL_CONVERSION = YES;
				CLANG_WARN_OBJC_IMPLICIT_RETAIN_SELF = YES;
				CLANG_WARN_OBJC_LITERAL_CONVERSION = YES;
				CLANG_WARN_OBJC_ROOT_CLASS = YES_ERROR;
				CLANG_WARN_RANGE_LOOP_ANALYSIS = YES;
				CLANG_WARN_STRICT_PROTOTYPES = YES;
				CLANG_WARN_SUSPICIOUS_MOVE = YES;
				CLANG_WARN_UNGUARDED_AVAILABILITY = YES_AGGRESSIVE;
				CLANG_WARN_UNREACHABLE_CODE = YES;
				CLANG_WARN__DUPLICATE_METHOD_MATCH = YES;
				CODE_SIGN_IDENTITY = "Mac Developer";
				COPY_PHASE_STRIP = NO;
				DEBUG_INFORMATION_FORMAT = dwarf;
				ENABLE_STRICT_OBJC_MSGSEND = YES;
				ENABLE_TESTABILITY = YES;
				GCC_C_LANGUAGE_STANDARD = gnu11;
				GCC_DYNAMIC_NO_PIC = NO;
				GCC_NO_COMMON_BLOCKS = YES;
				GCC_OPTIMIZATION_LEVEL = 0;
				GCC_PREPROCESSOR_DEFINITIONS = (
					"DEBUG=1",
					"$(inherited)",
				);
				GCC_WARN_64_TO_32_BIT_CONVERSION = YES;
				GCC_WARN_ABOUT_RETURN_TYPE = YES_ERROR;
				GCC_WARN_UNDECLARED_SELECTOR = YES;
				GCC_WARN_UNINITIALIZED_AUTOS = YES_AGGRESSIVE;
				GCC_WARN_UNUSED_FUNCTION = YES;
				GCC_WARN_UNUSED_VARIABLE = YES;
				MACOSX_DEPLOYMENT_TARGET = 10.14;
				MTL_ENABLE_DEBUG_INFO = INCLUDE_SOURCE;
				MTL_FAST_MATH = YES;
				ONLY_ACTIVE_ARCH = YES;
				SDKROOT = macosx;
			};
			name = Debug;
		};
		540AA92921D47B0200E01279 /* Release */ = {
			isa = XCBuildConfiguration;
			buildSettings = {
				ALWAYS_SEARCH_USER_PATHS = NO;
				CLANG_ANALYZER_NONNULL = YES;
				CLANG_ANALYZER_NUMBER_OBJECT_CONVERSION = YES_AGGRESSIVE;
				CLANG_CXX_LANGUAGE_STANDARD = "gnu++14";
				CLANG_CXX_LIBRARY = "libc++";
				CLANG_ENABLE_MODULES = YES;
				CLANG_ENABLE_OBJC_ARC = YES;
				CLANG_ENABLE_OBJC_WEAK = YES;
				CLANG_WARN_BLOCK_CAPTURE_AUTORELEASING = YES;
				CLANG_WARN_BOOL_CONVERSION = YES;
				CLANG_WARN_COMMA = YES;
				CLANG_WARN_CONSTANT_CONVERSION = YES;
				CLANG_WARN_DEPRECATED_OBJC_IMPLEMENTATIONS = YES;
				CLANG_WARN_DIRECT_OBJC_ISA_USAGE = YES_ERROR;
				CLANG_WARN_DOCUMENTATION_COMMENTS = YES;
				CLANG_WARN_EMPTY_BODY = YES;
				CLANG_WARN_ENUM_CONVERSION = YES;
				CLANG_WARN_INFINITE_RECURSION = YES;
				CLANG_WARN_INT_CONVERSION = YES;
				CLANG_WARN_NON_LITERAL_NULL_CONVERSION = YES;
				CLANG_WARN_OBJC_IMPLICIT_RETAIN_SELF = YES;
				CLANG_WARN_OBJC_LITERAL_CONVERSION = YES;
				CLANG_WARN_OBJC_ROOT_CLASS = YES_ERROR;
				CLANG_WARN_RANGE_LOOP_ANALYSIS = YES;
				CLANG_WARN_STRICT_PROTOTYPES = YES;
				CLANG_WARN_SUSPICIOUS_MOVE = YES;
				CLANG_WARN_UNGUARDED_AVAILABILITY = YES_AGGRESSIVE;
				CLANG_WARN_UNREACHABLE_CODE = YES;
				CLANG_WARN__DUPLICATE_METHOD_MATCH = YES;
				CODE_SIGN_IDENTITY = "Mac Developer";
				COPY_PHASE_STRIP = NO;
				DEBUG_INFORMATION_FORMAT = "dwarf-with-dsym";
				ENABLE_NS_ASSERTIONS = NO;
				ENABLE_STRICT_OBJC_MSGSEND = YES;
				GCC_C_LANGUAGE_STANDARD = gnu11;
				GCC_NO_COMMON_BLOCKS = YES;
				GCC_WARN_64_TO_32_BIT_CONVERSION = YES;
				GCC_WARN_ABOUT_RETURN_TYPE = YES_ERROR;
				GCC_WARN_UNDECLARED_SELECTOR = YES;
				GCC_WARN_UNINITIALIZED_AUTOS = YES_AGGRESSIVE;
				GCC_WARN_UNUSED_FUNCTION = YES;
				GCC_WARN_UNUSED_VARIABLE = YES;
				MACOSX_DEPLOYMENT_TARGET = 10.14;
				MTL_ENABLE_DEBUG_INFO = NO;
				MTL_FAST_MATH = YES;
				SDKROOT = macosx;
			};
			name = Release;
		};
		540AA92B21D47B0200E01279 /* Debug */ = {
			isa = XCBuildConfiguration;
			buildSettings = {
				ASSETCATALOG_COMPILER_APPICON_NAME = AppIcon;
				CODE_SIGN_STYLE = Automatic;
				COMBINE_HIDPI_IMAGES = YES;
				DEVELOPMENT_TEAM = LQW337MH2W;
				FRAMEWORK_SEARCH_PATHS = (
					"$(inherited)",
					"$(PROJECT_DIR)/ZMPackager/Vendors/Excel/xlsxwriter",
					"$(PROJECT_DIR)/ZMPackager/Vendors/CSV",
				);
				INFOPLIST_FILE = ZMPackager/Info.plist;
				LD_RUNPATH_SEARCH_PATHS = (
					"$(inherited)",
					"@executable_path/../Frameworks",
				);
				LIBRARY_SEARCH_PATHS = (
					"$(inherited)",
					"$(PROJECT_DIR)/ZMPackager/Vendors/**",
				);
				PRODUCT_BUNDLE_IDENTIFIER = com.godlike.ZMPackager;
				PRODUCT_NAME = "$(TARGET_NAME)";
				USER_HEADER_SEARCH_PATHS = "$(SRCROOT)/ZMPackager/Vendors/CSV/SwiftCSVExportOSX.framework/Headers";
			};
			name = Debug;
		};
		540AA92C21D47B0200E01279 /* Release */ = {
			isa = XCBuildConfiguration;
			buildSettings = {
				ASSETCATALOG_COMPILER_APPICON_NAME = AppIcon;
				CODE_SIGN_STYLE = Automatic;
				COMBINE_HIDPI_IMAGES = YES;
				DEVELOPMENT_TEAM = LQW337MH2W;
				FRAMEWORK_SEARCH_PATHS = (
					"$(inherited)",
					"$(PROJECT_DIR)/ZMPackager/Vendors/Excel/xlsxwriter",
					"$(PROJECT_DIR)/ZMPackager/Vendors/CSV",
				);
				INFOPLIST_FILE = ZMPackager/Info.plist;
				LD_RUNPATH_SEARCH_PATHS = (
					"$(inherited)",
					"@executable_path/../Frameworks",
				);
				LIBRARY_SEARCH_PATHS = (
					"$(inherited)",
					"$(PROJECT_DIR)/ZMPackager/Vendors/**",
				);
				PRODUCT_BUNDLE_IDENTIFIER = com.godlike.ZMPackager;
				PRODUCT_NAME = "$(TARGET_NAME)";
				USER_HEADER_SEARCH_PATHS = "$(SRCROOT)/ZMPackager/Vendors/CSV/SwiftCSVExportOSX.framework/Headers";
			};
			name = Release;
		};
/* End XCBuildConfiguration section */

/* Begin XCConfigurationList section */
		540AA91121D47B0100E01279 /* Build configuration list for PBXProject "ZMPackager" */ = {
			isa = XCConfigurationList;
			buildConfigurations = (
				540AA92821D47B0200E01279 /* Debug */,
				540AA92921D47B0200E01279 /* Release */,
			);
			defaultConfigurationIsVisible = 0;
			defaultConfigurationName = Release;
		};
		540AA92A21D47B0200E01279 /* Build configuration list for PBXNativeTarget "ZMPackager" */ = {
			isa = XCConfigurationList;
			buildConfigurations = (
				540AA92B21D47B0200E01279 /* Debug */,
				540AA92C21D47B0200E01279 /* Release */,
			);
			defaultConfigurationIsVisible = 0;
			defaultConfigurationName = Release;
		};
/* End XCConfigurationList section */
	};
	rootObject = 540AA90E21D47B0100E01279 /* Project object */;
}
